<?xml version="1.0" encoding="utf-8"?>
<Project ToolsVersion="4.0" xmlns="http://schemas.microsoft.com/developer/msbuild/2003">
  <ItemGroup>
    <Filter Include="Source Files">
      <UniqueIdentifier>{4FC737F1-C7A5-4376-A066-2A32D752A2FF}</UniqueIdentifier>
      <Extensions>cpp;c;cc;cxx;c++;cppm;ixx;def;odl;idl;hpj;bat;asm;asmx</Extensions>
    </Filter>
    <Filter Include="Header Files">
      <UniqueIdentifier>{93995380-89BD-4b04-88EB-625FBE52EBFB}</UniqueIdentifier>
      <Extensions>h;hh;hpp;hxx;h++;hm;inl;inc;ipp;xsd</Extensions>
    </Filter>
    <Filter Include="Resource Files">
      <UniqueIdentifier>{67DA6AB6-F800-4c08-8B7A-83BB121AAD01}</UniqueIdentifier>
      <Extensions>rc;ico;cur;bmp;dlg;rc2;rct;bin;rgs;gif;jpg;jpeg;jpe;resx;tiff;tif;png;wav;mfcribbon-ms</Extensions>
    </Filter>
    <Filter Include="Header Files\Base">
      <UniqueIdentifier>{0ce0f46d-2855-4709-9352-9fe70e687490}</UniqueIdentifier>
    </Filter>
    <Filter Include="Header Files\Core">
      <UniqueIdentifier>{59155f53-2166-454a-9589-b520d7c63f3b}</UniqueIdentifier>
    </Filter>
    <Filter Include="Source Files\Core">
      <UniqueIdentifier>{aad4d396-587c-49ad-a3b7-536cbf7715aa}</UniqueIdentifier>
    </Filter>
    <Filter Include="Header Files\Logging">
      <UniqueIdentifier>{1325fdb7-86f3-4760-9175-40576e044153}</UniqueIdentifier>
    </Filter>
    <Filter Include="Source Files\Logging">
      <UniqueIdentifier>{1a6043e1-95fe-42a2-872b-ca4f85aa47a3}</UniqueIdentifier>
    </Filter>
    <Filter Include="Header Files\Buffering">
      <UniqueIdentifier>{171bece8-e7ce-40d0-9ef9-23fe11305c57}</UniqueIdentifier>
    </Filter>
    <Filter Include="Source Files\Buffering">
      <UniqueIdentifier>{569257dd-bb45-4052-81d0-0a48b81ebc4e}</UniqueIdentifier>
    </Filter>
    <Filter Include="Header Files\Files">
      <UniqueIdentifier>{9de4c17c-9d4e-4fd8-a985-1895b9f7a60b}</UniqueIdentifier>
    </Filter>
    <Filter Include="Source Files\Files">
      <UniqueIdentifier>{ab82210f-ae97-420a-bc21-c90fdd524e4a}</UniqueIdentifier>
    </Filter>
    <Filter Include="Header Files\Locking">
      <UniqueIdentifier>{3b5ec65a-1e4d-49a5-ad40-ba4d88fd27bf}</UniqueIdentifier>
    </Filter>
    <Filter Include="Source Files\Locking">
      <UniqueIdentifier>{2080359b-81c0-4642-9333-ab6d06873258}</UniqueIdentifier>
    </Filter>
    <Filter Include="Header Files\Object">
      <UniqueIdentifier>{e41b99fa-11db-4418-acc8-d3260fbd3a72}</UniqueIdentifier>
    </Filter>
    <Filter Include="Source Files\Object">
      <UniqueIdentifier>{8525b011-21be-4286-8a53-47135557a8d7}</UniqueIdentifier>
    </Filter>
    <Filter Include="Header Files\Worker">
      <UniqueIdentifier>{ca7ab923-f0ae-47eb-85dc-981bad205727}</UniqueIdentifier>
    </Filter>
    <Filter Include="Source Files\Worker">
      <UniqueIdentifier>{795921f1-228a-4e4a-99e0-8e7f5d50d601}</UniqueIdentifier>
    </Filter>
  </ItemGroup>
  <ItemGroup>
    <ClInclude Include="vdefs.h">
      <Filter>Header Files\Base</Filter>
    </ClInclude>
    <ClInclude Include="vstructs.h">
      <Filter>Header Files\Base</Filter>
    </ClInclude>
    <ClInclude Include="vtypes.h">
      <Filter>Header Files\Base</Filter>
    </ClInclude>
    <ClInclude Include="vcore.h">
      <Filter>Header Files\Core</Filter>
    </ClInclude>
    <ClInclude Include="vcorefunctions.h">
      <Filter>Header Files\Core</Filter>
    </ClInclude>
    <ClInclude Include="ventries.h">
      <Filter>Header Files\Logging</Filter>
    </ClInclude>
    <ClInclude Include="vbuffers.h">
      <Filter>Header Files\Buffering</Filter>
    </ClInclude>
    <ClInclude Include="ventriesformatted.h">
      <Filter>Header Files\Logging</Filter>
    </ClInclude>
    <ClInclude Include="vfileio.h">
      <Filter>Header Files\Files</Filter>
    </ClInclude>
    <ClInclude Include="vlock.h">
      <Filter>Header Files\Locking</Filter>
    </ClInclude>
    <ClInclude Include="vdbuffers.h">
      <Filter>Header Files\Buffering</Filter>
    </ClInclude>
    <ClInclude Include="vobject.h">
      <Filter>Header Files\Object</Filter>
    </ClInclude>
    <ClInclude Include="vworker.h">
      <Filter>Header Files\Worker</Filter>
    </ClInclude>
  </ItemGroup>
  <ItemGroup>
    <ClCompile Include="vcorefunctions.c">
      <Filter>Source Files\Core</Filter>
    </ClCompile>
    <ClCompile Include="ventries.c">
      <Filter>Source Files\Logging</Filter>
    </ClCompile>
    <ClCompile Include="vbuffers.c">
      <Filter>Source Files\Buffering</Filter>
    </ClCompile>
    <ClCompile Include="ventriesformatted.c">
      <Filter>Source Files\Logging</Filter>
    </ClCompile>
    <ClCompile Include="vfileio.c">
      <Filter>Source Files\Files</Filter>
    </ClCompile>
    <ClCompile Include="vlock.c">
      <Filter>Source Files\Locking</Filter>
    </ClCompile>
    <ClCompile Include="vdbuffers.c">
      <Filter>Source Files\Buffering</Filter>
    </ClCompile>
    <ClCompile Include="vobject.c">
      <Filter>Source Files\Object</Filter>
    </ClCompile>
    <ClCompile Include="vworker.c">
      <Filter>Source Files\Worker</Filter>
    </ClCompile>
  </ItemGroup>
</Project>